
Microsoft Visual Studio Solution File, Format Version 12.00
# Visual Studio Version 16
VisualStudioVersion = 16.0.28922.388
MinimumVisualStudioVersion = 10.0.40219.1
Project("{FAE04EC0-301F-11D3-BF4B-00C04F79EFBC}") = "Problem-01-Pet", "Problem-01-Pet\Problem-01-Pet.csproj", "{C93E0AB5-3E02-41A8-96FB-982B94B7AFDB}"
EndProject
Project("{FAE04EC0-301F-11D3-BF4B-00C04F79EFBC}") = "Problem-02-Dot", "Problem-02-Dot\Problem-02-Dot.csproj", "{CE0993CD-1137-48DC-A4A1-BD41C775ECBF}"
EndProject
Global
	GlobalSection(SolutionConfigurationPlatforms) = preSolution
		Debug|Any CPU = Debug|Any CPU
		Release|Any CPU = Release|Any CPU
	EndGlobalSection
	GlobalSection(ProjectConfigurationPlatforms) = postSolution
		{C93E0AB5-3E02-41A8-96FB-982B94B7AFDB}.Debug|Any CPU.ActiveCfg = Debug|Any CPU
		{C93E0AB5-3E02-41A8-96FB-982B94B7AFDB}.Debug|Any CPU.Build.0 = Debug|Any CPU
		{C93E0AB5-3E02-41A8-96FB-982B94B7AFDB}.Release|Any CPU.ActiveCfg = Release|Any CPU
		{C93E0AB5-3E02-41A8-96FB-982B94B7AFDB}.Release|Any CPU.Build.0 = Release|Any CPU
		{CE0993CD-1137-48DC-A4A1-BD41C775ECBF}.Debug|Any CPU.ActiveCfg = Debug|Any CPU
		{CE0993CD-1137-48DC-A4A1-BD41C775ECBF}.Debug|Any CPU.Build.0 = Debug|Any CPU
		{CE0993CD-1137-48DC-A4A1-BD41C775ECBF}.Release|Any CPU.ActiveCfg = Release|Any CPU
		{CE0993CD-1137-48DC-A4A1-BD41C775ECBF}.Release|Any CPU.Build.0 = Release|Any CPU
	EndGlobalSection
	GlobalSection(SolutionProperties) = preSolution
		HideSolutionNode = FALSE
	EndGlobalSection
	GlobalSection(ExtensibilityGlobals) = postSolution
		SolutionGuid = {6BFDC3C3-1109-4659-B917-C4ADB238E2EA}
	EndGlobalSection
EndGlobal
