
Microsoft Visual Studio Solution File, Format Version 12.00
# Visual Studio Version 16
VisualStudioVersion = 16.0.28922.388
MinimumVisualStudioVersion = 10.0.40219.1
Project("{FAE04EC0-301F-11D3-BF4B-00C04F79EFBC}") = "Problem-01-ArrayList", "Problem-01-ArrayList\Problem-01-ArrayList.csproj", "{4EADE06D-66D1-4AA6-80DC-0E5353FED7D6}"
EndProject
Project("{FAE04EC0-301F-11D3-BF4B-00C04F79EFBC}") = "Problem-02-Queue", "Problem-02-Queue\Problem-02-Queue.csproj", "{4AB32125-6769-47D3-B02C-2116B74AF367}"
EndProject
Project("{FAE04EC0-301F-11D3-BF4B-00C04F79EFBC}") = "Problem-03-Stack", "Problem-03-Stack\Problem-03-Stack.csproj", "{B9CAC20D-D737-4345-B0E8-961D42D57A25}"
EndProject
Global
	GlobalSection(SolutionConfigurationPlatforms) = preSolution
		Debug|Any CPU = Debug|Any CPU
		Release|Any CPU = Release|Any CPU
	EndGlobalSection
	GlobalSection(ProjectConfigurationPlatforms) = postSolution
		{4EADE06D-66D1-4AA6-80DC-0E5353FED7D6}.Debug|Any CPU.ActiveCfg = Debug|Any CPU
		{4EADE06D-66D1-4AA6-80DC-0E5353FED7D6}.Debug|Any CPU.Build.0 = Debug|Any CPU
		{4EADE06D-66D1-4AA6-80DC-0E5353FED7D6}.Release|Any CPU.ActiveCfg = Release|Any CPU
		{4EADE06D-66D1-4AA6-80DC-0E5353FED7D6}.Release|Any CPU.Build.0 = Release|Any CPU
		{4AB32125-6769-47D3-B02C-2116B74AF367}.Debug|Any CPU.ActiveCfg = Debug|Any CPU
		{4AB32125-6769-47D3-B02C-2116B74AF367}.Debug|Any CPU.Build.0 = Debug|Any CPU
		{4AB32125-6769-47D3-B02C-2116B74AF367}.Release|Any CPU.ActiveCfg = Release|Any CPU
		{4AB32125-6769-47D3-B02C-2116B74AF367}.Release|Any CPU.Build.0 = Release|Any CPU
		{B9CAC20D-D737-4345-B0E8-961D42D57A25}.Debug|Any CPU.ActiveCfg = Debug|Any CPU
		{B9CAC20D-D737-4345-B0E8-961D42D57A25}.Debug|Any CPU.Build.0 = Debug|Any CPU
		{B9CAC20D-D737-4345-B0E8-961D42D57A25}.Release|Any CPU.ActiveCfg = Release|Any CPU
		{B9CAC20D-D737-4345-B0E8-961D42D57A25}.Release|Any CPU.Build.0 = Release|Any CPU
	EndGlobalSection
	GlobalSection(SolutionProperties) = preSolution
		HideSolutionNode = FALSE
	EndGlobalSection
	GlobalSection(ExtensibilityGlobals) = postSolution
		SolutionGuid = {CC68B3BE-269C-4BCF-8607-C3EE612F16E1}
	EndGlobalSection
EndGlobal
