
Microsoft Visual Studio Solution File, Format Version 12.00
# Visual Studio Version 16
VisualStudioVersion = 16.0.28922.388
MinimumVisualStudioVersion = 10.0.40219.1
Project("{FAE04EC0-301F-11D3-BF4B-00C04F79EFBC}") = "Problem-02-Car", "Problem-02-Car\Problem-02-Car.csproj", "{28ED2B7D-9395-4FED-836B-CB4533B17AE9}"
EndProject
Project("{FAE04EC0-301F-11D3-BF4B-00C04F79EFBC}") = "Problem-03-Person", "Problem-03-Person\Problem-03-Person.csproj", "{DBBA41F0-F765-4F55-9551-28471EE63A1E}"
EndProject
Project("{FAE04EC0-301F-11D3-BF4B-00C04F79EFBC}") = "Problem-01-Rectangle", "Problem-01-Rectangle\Problem-01-Rectangle.csproj", "{D336019C-015D-420E-A7AD-C57D4DF073C0}"
EndProject
Global
	GlobalSection(SolutionConfigurationPlatforms) = preSolution
		Debug|Any CPU = Debug|Any CPU
		Release|Any CPU = Release|Any CPU
	EndGlobalSection
	GlobalSection(ProjectConfigurationPlatforms) = postSolution
		{28ED2B7D-9395-4FED-836B-CB4533B17AE9}.Debug|Any CPU.ActiveCfg = Debug|Any CPU
		{28ED2B7D-9395-4FED-836B-CB4533B17AE9}.Debug|Any CPU.Build.0 = Debug|Any CPU
		{28ED2B7D-9395-4FED-836B-CB4533B17AE9}.Release|Any CPU.ActiveCfg = Release|Any CPU
		{28ED2B7D-9395-4FED-836B-CB4533B17AE9}.Release|Any CPU.Build.0 = Release|Any CPU
		{DBBA41F0-F765-4F55-9551-28471EE63A1E}.Debug|Any CPU.ActiveCfg = Debug|Any CPU
		{DBBA41F0-F765-4F55-9551-28471EE63A1E}.Debug|Any CPU.Build.0 = Debug|Any CPU
		{DBBA41F0-F765-4F55-9551-28471EE63A1E}.Release|Any CPU.ActiveCfg = Release|Any CPU
		{DBBA41F0-F765-4F55-9551-28471EE63A1E}.Release|Any CPU.Build.0 = Release|Any CPU
		{D336019C-015D-420E-A7AD-C57D4DF073C0}.Debug|Any CPU.ActiveCfg = Debug|Any CPU
		{D336019C-015D-420E-A7AD-C57D4DF073C0}.Debug|Any CPU.Build.0 = Debug|Any CPU
		{D336019C-015D-420E-A7AD-C57D4DF073C0}.Release|Any CPU.ActiveCfg = Release|Any CPU
		{D336019C-015D-420E-A7AD-C57D4DF073C0}.Release|Any CPU.Build.0 = Release|Any CPU
	EndGlobalSection
	GlobalSection(SolutionProperties) = preSolution
		HideSolutionNode = FALSE
	EndGlobalSection
	GlobalSection(ExtensibilityGlobals) = postSolution
		SolutionGuid = {96D6764F-F67E-46EB-BA94-1379F852C123}
	EndGlobalSection
EndGlobal
