
Microsoft Visual Studio Solution File, Format Version 12.00
# Visual Studio Version 16
VisualStudioVersion = 16.0.28922.388
MinimumVisualStudioVersion = 10.0.40219.1
Project("{FAE04EC0-301F-11D3-BF4B-00C04F79EFBC}") = "Problem-01-Straight-Reversed-Order", "Problem-01-Straight-Reversed-Order\Problem-01-Straight-Reversed-Order.csproj", "{0EEB2A7A-3355-4E36-B5A7-F98BD2EC6634}"
EndProject
Project("{FAE04EC0-301F-11D3-BF4B-00C04F79EFBC}") = "Problem-01-Straight-Reversed-Order_2", "Problem-01-Straight-Reversed-Order_2\Problem-01-Straight-Reversed-Order_2.csproj", "{5A91C527-9B49-459B-A836-21AD7D6435E4}"
EndProject
Project("{FAE04EC0-301F-11D3-BF4B-00C04F79EFBC}") = "Problem-02-Copy-Positive-Elements", "Problem-02-Copy-Positive-Elements\Problem-02-Copy-Positive-Elements.csproj", "{9BE2E69C-6E14-4763-AF1F-B6EA82D2790E}"
EndProject
Project("{FAE04EC0-301F-11D3-BF4B-00C04F79EFBC}") = "Problem-02-Copy-Positive-Elements_2", "Problem-02-Copy-Positive-Elements_2\Problem-02-Copy-Positive-Elements_2.csproj", "{ECCD4599-4C4C-4275-9E92-39DAC9FC5CE3}"
EndProject
Project("{FAE04EC0-301F-11D3-BF4B-00C04F79EFBC}") = "Problem-03-Months-Days", "Problem-03-Months-Days\Problem-03-Months-Days.csproj", "{97B66969-0CF3-4429-A325-1BDDB3C805F1}"
EndProject
Project("{FAE04EC0-301F-11D3-BF4B-00C04F79EFBC}") = "Problem-03-Months-Days_2", "Problem-03-Months-Days_2\Problem-03-Months-Days_2.csproj", "{7C800B81-7B16-447F-AFF3-5B7E4631769F}"
EndProject
Global
	GlobalSection(SolutionConfigurationPlatforms) = preSolution
		Debug|Any CPU = Debug|Any CPU
		Release|Any CPU = Release|Any CPU
	EndGlobalSection
	GlobalSection(ProjectConfigurationPlatforms) = postSolution
		{0EEB2A7A-3355-4E36-B5A7-F98BD2EC6634}.Debug|Any CPU.ActiveCfg = Debug|Any CPU
		{0EEB2A7A-3355-4E36-B5A7-F98BD2EC6634}.Debug|Any CPU.Build.0 = Debug|Any CPU
		{0EEB2A7A-3355-4E36-B5A7-F98BD2EC6634}.Release|Any CPU.ActiveCfg = Release|Any CPU
		{0EEB2A7A-3355-4E36-B5A7-F98BD2EC6634}.Release|Any CPU.Build.0 = Release|Any CPU
		{5A91C527-9B49-459B-A836-21AD7D6435E4}.Debug|Any CPU.ActiveCfg = Debug|Any CPU
		{5A91C527-9B49-459B-A836-21AD7D6435E4}.Debug|Any CPU.Build.0 = Debug|Any CPU
		{5A91C527-9B49-459B-A836-21AD7D6435E4}.Release|Any CPU.ActiveCfg = Release|Any CPU
		{5A91C527-9B49-459B-A836-21AD7D6435E4}.Release|Any CPU.Build.0 = Release|Any CPU
		{9BE2E69C-6E14-4763-AF1F-B6EA82D2790E}.Debug|Any CPU.ActiveCfg = Debug|Any CPU
		{9BE2E69C-6E14-4763-AF1F-B6EA82D2790E}.Debug|Any CPU.Build.0 = Debug|Any CPU
		{9BE2E69C-6E14-4763-AF1F-B6EA82D2790E}.Release|Any CPU.ActiveCfg = Release|Any CPU
		{9BE2E69C-6E14-4763-AF1F-B6EA82D2790E}.Release|Any CPU.Build.0 = Release|Any CPU
		{ECCD4599-4C4C-4275-9E92-39DAC9FC5CE3}.Debug|Any CPU.ActiveCfg = Debug|Any CPU
		{ECCD4599-4C4C-4275-9E92-39DAC9FC5CE3}.Debug|Any CPU.Build.0 = Debug|Any CPU
		{ECCD4599-4C4C-4275-9E92-39DAC9FC5CE3}.Release|Any CPU.ActiveCfg = Release|Any CPU
		{ECCD4599-4C4C-4275-9E92-39DAC9FC5CE3}.Release|Any CPU.Build.0 = Release|Any CPU
		{97B66969-0CF3-4429-A325-1BDDB3C805F1}.Debug|Any CPU.ActiveCfg = Debug|Any CPU
		{97B66969-0CF3-4429-A325-1BDDB3C805F1}.Debug|Any CPU.Build.0 = Debug|Any CPU
		{97B66969-0CF3-4429-A325-1BDDB3C805F1}.Release|Any CPU.ActiveCfg = Release|Any CPU
		{97B66969-0CF3-4429-A325-1BDDB3C805F1}.Release|Any CPU.Build.0 = Release|Any CPU
		{7C800B81-7B16-447F-AFF3-5B7E4631769F}.Debug|Any CPU.ActiveCfg = Debug|Any CPU
		{7C800B81-7B16-447F-AFF3-5B7E4631769F}.Debug|Any CPU.Build.0 = Debug|Any CPU
		{7C800B81-7B16-447F-AFF3-5B7E4631769F}.Release|Any CPU.ActiveCfg = Release|Any CPU
		{7C800B81-7B16-447F-AFF3-5B7E4631769F}.Release|Any CPU.Build.0 = Release|Any CPU
	EndGlobalSection
	GlobalSection(SolutionProperties) = preSolution
		HideSolutionNode = FALSE
	EndGlobalSection
	GlobalSection(ExtensibilityGlobals) = postSolution
		SolutionGuid = {F39F59C9-F685-40CD-9200-C9A127C93327}
	EndGlobalSection
EndGlobal
